// !$*UTF8*$!
{
	archiveVersion = 1;
	classes = {
	};
	objectVersion = 56;
	objects = {

/* Begin PBXBuildFile section */
		9B0139D62CB9730500365128 /* LocalNotificationManager.swift in Sources */ = {isa = PBXBuildFile; fileRef = 9B0139D52CB9730500365128 /* LocalNotificationManager.swift */; };
		9B0EA5642C106F3D00E8291C /* ColorPickerView.swift in Sources */ = {isa = PBXBuildFile; fileRef = 9B0EA5632C106F3D00E8291C /* ColorPickerView.swift */; };
		9B0EA5672C10C89C00E8291C /* HabitSheetView.swift in Sources */ = {isa = PBXBuildFile; fileRef = 9B0EA5662C10C89C00E8291C /* HabitSheetView.swift */; };
		9B108F992CFF418900F41360 /* ArticleModel.swift in Sources */ = {isa = PBXBuildFile; fileRef = 9B108F982CFF418900F41360 /* ArticleModel.swift */; };
		9B140DB82CB67EFF0067F30B /* MarkdownUI in Frameworks */ = {isa = PBXBuildFile; productRef = 9B140DB72CB67EFF0067F30B /* MarkdownUI */; };
		9B2525B62CF0D2A40012E9B2 /* IGDTestInfoView.swift in Sources */ = {isa = PBXBuildFile; fileRef = 9B2525B52CF0D2A40012E9B2 /* IGDTestInfoView.swift */; };
		9B2525B82CF0E3D10012E9B2 /* ShortTestViewModel.swift in Sources */ = {isa = PBXBuildFile; fileRef = 9B2525B72CF0E3D10012E9B2 /* ShortTestViewModel.swift */; };
		9B2AFD4A2C00996200E908F5 /* Assets.xcassets in Resources */ = {isa = PBXBuildFile; fileRef = 9B2AFD492C00996200E908F5 /* Assets.xcassets */; };
		9B2AFD4E2C00996200E908F5 /* Preview Assets.xcassets in Resources */ = {isa = PBXBuildFile; fileRef = 9B2AFD4D2C00996200E908F5 /* Preview Assets.xcassets */; };
		9B2AFD682C0099F100E908F5 /* RestartedApp.swift in Sources */ = {isa = PBXBuildFile; fileRef = 9B2AFD5E2C0099F100E908F5 /* RestartedApp.swift */; };
		9B2AFD782C009A0D00E908F5 /* ArticleCardView.swift in Sources */ = {isa = PBXBuildFile; fileRef = 9B2AFD692C009A0D00E908F5 /* ArticleCardView.swift */; };
		9B2AFD792C009A0D00E908F5 /* ArticleMainScreenView.swift in Sources */ = {isa = PBXBuildFile; fileRef = 9B2AFD6A2C009A0D00E908F5 /* ArticleMainScreenView.swift */; };
		9B2AFD7A2C009A0D00E908F5 /* ArticleView.swift in Sources */ = {isa = PBXBuildFile; fileRef = 9B2AFD6B2C009A0D00E908F5 /* ArticleView.swift */; };
		9B2AFD7B2C009A0D00E908F5 /* StatisticsView.swift in Sources */ = {isa = PBXBuildFile; fileRef = 9B2AFD6D2C009A0D00E908F5 /* StatisticsView.swift */; };
		9B2AFD7D2C009A0D00E908F5 /* GameMainScreenView.swift in Sources */ = {isa = PBXBuildFile; fileRef = 9B2AFD702C009A0D00E908F5 /* GameMainScreenView.swift */; };
		9B2AFD7E2C009A0D00E908F5 /* HomeView.swift in Sources */ = {isa = PBXBuildFile; fileRef = 9B2AFD722C009A0D00E908F5 /* HomeView.swift */; };
		9B2AFD7F2C009A0D00E908F5 /* ProfileMainScreenView.swift in Sources */ = {isa = PBXBuildFile; fileRef = 9B2AFD742C009A0D00E908F5 /* ProfileMainScreenView.swift */; };
		9B2AFD802C009A0D00E908F5 /* ContentView.swift in Sources */ = {isa = PBXBuildFile; fileRef = 9B2AFD762C009A0D00E908F5 /* ContentView.swift */; };
		9B3872A52C8CE48E00C76784 /* HabitViewModel.swift in Sources */ = {isa = PBXBuildFile; fileRef = 9B3872A42C8CE48E00C76784 /* HabitViewModel.swift */; };
		9B397CA92D2C452F005CBBD1 /* StatisticsViewModel.swift in Sources */ = {isa = PBXBuildFile; fileRef = 9B397CA82D2C452F005CBBD1 /* StatisticsViewModel.swift */; };
		9B3AD9082C0F60F000230004 /* ThemeChanger.swift in Sources */ = {isa = PBXBuildFile; fileRef = 9B3AD9072C0F60F000230004 /* ThemeChanger.swift */; };
		9B3D81962D1883870079A072 /* ChangeNameSheetView.swift in Sources */ = {isa = PBXBuildFile; fileRef = 9B3D81952D1883870079A072 /* ChangeNameSheetView.swift */; };
		9B4084AB2C1C9E8B002FBDB7 /* LanguageView.swift in Sources */ = {isa = PBXBuildFile; fileRef = 9B4084AA2C1C9E8B002FBDB7 /* LanguageView.swift */; };
		9B42AE3B2C8A50F800343433 /* Launch Screen.storyboard in Resources */ = {isa = PBXBuildFile; fileRef = 9B42AE3A2C8A50F800343433 /* Launch Screen.storyboard */; };
		9B568F872C00B22500B6D645 /* CirclesView.swift in Sources */ = {isa = PBXBuildFile; fileRef = 9B568F862C00B22500B6D645 /* CirclesView.swift */; };
		9B568F892C00B29C00B6D645 /* SettingsView.swift in Sources */ = {isa = PBXBuildFile; fileRef = 9B568F882C00B29C00B6D645 /* SettingsView.swift */; };
		9B568F8B2C00B2CB00B6D645 /* AdditionalSettingsView.swift in Sources */ = {isa = PBXBuildFile; fileRef = 9B568F8A2C00B2CB00B6D645 /* AdditionalSettingsView.swift */; };
		9B5834AA2CDCE82A00A6437B /* GoogleService-Info.plist in Resources */ = {isa = PBXBuildFile; fileRef = 9B5834A92CDCE82A00A6437B /* GoogleService-Info.plist */; };
		9B5A41C22CB67FEF00617FEB /* QuickGuideView.swift in Sources */ = {isa = PBXBuildFile; fileRef = 9B5A41C12CB67FEF00617FEB /* QuickGuideView.swift */; };
		9B6294E62C12216200CDFBC5 /* Extentions.swift in Sources */ = {isa = PBXBuildFile; fileRef = 9B6294E52C12216200CDFBC5 /* Extentions.swift */; };
		9B6E6C332CDE4233002D3042 /* GoogleService-Info-7.plist in Resources */ = {isa = PBXBuildFile; fileRef = 9B6E6C322CDE4233002D3042 /* GoogleService-Info-7.plist */; };
		9B6E6C362CDE424B002D3042 /* GoogleSignIn in Frameworks */ = {isa = PBXBuildFile; productRef = 9B6E6C352CDE424B002D3042 /* GoogleSignIn */; };
		9B6E6C382CDE424B002D3042 /* GoogleSignInSwift in Frameworks */ = {isa = PBXBuildFile; productRef = 9B6E6C372CDE424B002D3042 /* GoogleSignInSwift */; };
		9B6E6C3B2CDE450F002D3042 /* AuthentcationViewModel.swift in Sources */ = {isa = PBXBuildFile; fileRef = 9B6E6C3A2CDE450F002D3042 /* AuthentcationViewModel.swift */; };
		9B6E6C3F2CDE4668002D3042 /* GoogleSignInResultModel.swift in Sources */ = {isa = PBXBuildFile; fileRef = 9B6E6C3E2CDE4668002D3042 /* GoogleSignInResultModel.swift */; };
		9B6E6C412CDE4BBB002D3042 /* SignInGoogleHelper.swift in Sources */ = {isa = PBXBuildFile; fileRef = 9B6E6C402CDE4BBB002D3042 /* SignInGoogleHelper.swift */; };
		9B71D1862C5FDE6B00FF3EA3 /* HapticManager.swift in Sources */ = {isa = PBXBuildFile; fileRef = 9B71D1852C5FDE6B00FF3EA3 /* HapticManager.swift */; };
		9B7528B62C2753D000657E8A /* CustomTabBar.swift in Sources */ = {isa = PBXBuildFile; fileRef = 9B7528B52C2753D000657E8A /* CustomTabBar.swift */; };
		9B77BF182CE4BC58009A7FD7 /* UserModel.swift in Sources */ = {isa = PBXBuildFile; fileRef = 9B77BF172CE4BC58009A7FD7 /* UserModel.swift */; };
		9B77BF1C2CE65642009A7FD7 /* Utilites.swift in Sources */ = {isa = PBXBuildFile; fileRef = 9B77BF1B2CE65642009A7FD7 /* Utilites.swift */; };
		9B7D09A12CEB6AFA001B2C4A /* HabitModel.xcdatamodeld in Sources */ = {isa = PBXBuildFile; fileRef = 9B7D099F2CEB6AFA001B2C4A /* HabitModel.xcdatamodeld */; };
		9B9C72CE2CDCEC88006F3BBF /* AuthenticationView.swift in Sources */ = {isa = PBXBuildFile; fileRef = 9B9C72CD2CDCEC88006F3BBF /* AuthenticationView.swift */; };
		9B9C72D22CDCF2D4006F3BBF /* ProfileViewModel.swift in Sources */ = {isa = PBXBuildFile; fileRef = 9B9C72D12CDCF2D4006F3BBF /* ProfileViewModel.swift */; };
		9B9CE87B2C90494100BCF0D7 /* CustomElements.swift in Sources */ = {isa = PBXBuildFile; fileRef = 9B9CE87A2C90494100BCF0D7 /* CustomElements.swift */; };
		9B9DE1112C63FF1100422443 /* GameViewModel.swift in Sources */ = {isa = PBXBuildFile; fileRef = 9B9DE1102C63FF1100422443 /* GameViewModel.swift */; };
		9B9FD66F2D2160B800FD6A17 /* GameSheetModel.swift in Sources */ = {isa = PBXBuildFile; fileRef = 9B9FD66E2D2160B800FD6A17 /* GameSheetModel.swift */; };
		9B9FD6712D21613E00FD6A17 /* TimeTools.swift in Sources */ = {isa = PBXBuildFile; fileRef = 9B9FD6702D21613E00FD6A17 /* TimeTools.swift */; };
		9BA8CC072C8EE09E005AF647 /* HabitsMainScreenView.swift in Sources */ = {isa = PBXBuildFile; fileRef = 9BA8CC062C8EE09E005AF647 /* HabitsMainScreenView.swift */; };
		9BA8CC092C8F5819005AF647 /* HabitSheetModel.swift in Sources */ = {isa = PBXBuildFile; fileRef = 9BA8CC082C8F5819005AF647 /* HabitSheetModel.swift */; };
		9BB29BA92C81CCF2006E2ECD /* ArticleViewModel.swift in Sources */ = {isa = PBXBuildFile; fileRef = 9BB29BA82C81CCF2006E2ECD /* ArticleViewModel.swift */; };
		9BBA81B72CDCE052006EB807 /* FirebaseAnalytics in Frameworks */ = {isa = PBXBuildFile; productRef = 9BBA81B62CDCE052006EB807 /* FirebaseAnalytics */; };
		9BBA81B92CDCE052006EB807 /* FirebaseAuth in Frameworks */ = {isa = PBXBuildFile; productRef = 9BBA81B82CDCE052006EB807 /* FirebaseAuth */; };
		9BBA81BB2CDCE052006EB807 /* FirebaseAuthCombine-Community in Frameworks */ = {isa = PBXBuildFile; productRef = 9BBA81BA2CDCE052006EB807 /* FirebaseAuthCombine-Community */; };
		9BBA81BD2CDCE052006EB807 /* FirebaseCore in Frameworks */ = {isa = PBXBuildFile; productRef = 9BBA81BC2CDCE052006EB807 /* FirebaseCore */; };
		9BBA81C12CDCE35A006EB807 /* AuthenticationUserModel.swift in Sources */ = {isa = PBXBuildFile; fileRef = 9BBA81C02CDCE35A006EB807 /* AuthenticationUserModel.swift */; };
		9BBA81C32CDCE3C6006EB807 /* AuthenticationManager.swift in Sources */ = {isa = PBXBuildFile; fileRef = 9BBA81C22CDCE3C6006EB807 /* AuthenticationManager.swift */; };
		9BBA81C52CDCE426006EB807 /* SignInWithEmailView.swift in Sources */ = {isa = PBXBuildFile; fileRef = 9BBA81C42CDCE426006EB807 /* SignInWithEmailView.swift */; };
		9BBA81C72CDCE475006EB807 /* SignInWithEmailViewModel.swift in Sources */ = {isa = PBXBuildFile; fileRef = 9BBA81C62CDCE475006EB807 /* SignInWithEmailViewModel.swift */; };
		9BBD4D192D200A49003A0B4C /* PresetModel.swift in Sources */ = {isa = PBXBuildFile; fileRef = 9BBD4D182D200A49003A0B4C /* PresetModel.swift */; };
		9BBE86DB2D19E8DD0069B58E /* GameModel.swift in Sources */ = {isa = PBXBuildFile; fileRef = 9BBE86DA2D19E8DD0069B58E /* GameModel.swift */; };
		9BD5E8B52CF23646002464E4 /* IGDTest Model.swift in Sources */ = {isa = PBXBuildFile; fileRef = 9BD5E8B42CF23646002464E4 /* IGDTest Model.swift */; };
		9BD5E8B72CF24E12002464E4 /* LongTestViewModel.swift in Sources */ = {isa = PBXBuildFile; fileRef = 9BD5E8B62CF24E12002464E4 /* LongTestViewModel.swift */; };
		9BD5E8B92CF24F89002464E4 /* IGDTestView.swift in Sources */ = {isa = PBXBuildFile; fileRef = 9BD5E8B82CF24F89002464E4 /* IGDTestView.swift */; };
		9BD812A02C720C27005A6085 /* PlusButton.swift in Sources */ = {isa = PBXBuildFile; fileRef = 9BD8129F2C720C27005A6085 /* PlusButton.swift */; };
		9BD812A32C721067005A6085 /* SetUpTimerView.swift in Sources */ = {isa = PBXBuildFile; fileRef = 9BD812A22C721067005A6085 /* SetUpTimerView.swift */; };
		9BD812A52C74F044005A6085 /* TimerView.swift in Sources */ = {isa = PBXBuildFile; fileRef = 9BD812A42C74F044005A6085 /* TimerView.swift */; };
		9BD812A72C7519F9005A6085 /* TimerViewModel.swift in Sources */ = {isa = PBXBuildFile; fileRef = 9BD812A62C7519F9005A6085 /* TimerViewModel.swift */; };
		9BDE50482C0A02F400910F23 /* HabitListView.swift in Sources */ = {isa = PBXBuildFile; fileRef = 9BDE50472C0A02F400910F23 /* HabitListView.swift */; };
		9BE572B82D15ED1000A4D45E /* ProfileInfoLinkView.swift in Sources */ = {isa = PBXBuildFile; fileRef = 9BE572B72D15ED1000A4D45E /* ProfileInfoLinkView.swift */; };
		9BE572BA2D15F17200A4D45E /* ProfileInfoView.swift in Sources */ = {isa = PBXBuildFile; fileRef = 9BE572B92D15F17200A4D45E /* ProfileInfoView.swift */; };
		9BE96A112C05251300CE3EBB /* StatisticView.swift in Sources */ = {isa = PBXBuildFile; fileRef = 9BE96A102C05251300CE3EBB /* StatisticView.swift */; };
		9BF77AFA2CDA556200FDE543 /* GameModel.xcdatamodeld in Sources */ = {isa = PBXBuildFile; fileRef = 9BF77AF72CDA556200FDE543 /* GameModel.xcdatamodeld */; };
		9BF77F232CE75A08006FC86F /* RootView.swift in Sources */ = {isa = PBXBuildFile; fileRef = 9BF77F222CE75A08006FC86F /* RootView.swift */; };
		9BFD3AB92CE2651B0000A460 /* FirebaseFirestore in Frameworks */ = {isa = PBXBuildFile; productRef = 9BFD3AB82CE2651B0000A460 /* FirebaseFirestore */; };
		9BFE38892CB7F36100325173 /* QGHabitsView.swift in Sources */ = {isa = PBXBuildFile; fileRef = 9BFE38882CB7F36100325173 /* QGHabitsView.swift */; };
		9BFE388B2CB7F3C300325173 /* QGArticlesView.swift in Sources */ = {isa = PBXBuildFile; fileRef = 9BFE388A2CB7F3C300325173 /* QGArticlesView.swift */; };
		9BFE388D2CB7F43600325173 /* QGTimerView.swift in Sources */ = {isa = PBXBuildFile; fileRef = 9BFE388C2CB7F43600325173 /* QGTimerView.swift */; };
		9BFE388F2CB7F4CA00325173 /* QGTestsView.swift in Sources */ = {isa = PBXBuildFile; fileRef = 9BFE388E2CB7F4CA00325173 /* QGTestsView.swift */; };
/* End PBXBuildFile section */

/* Begin PBXFileReference section */
		9B0139D52CB9730500365128 /* LocalNotificationManager.swift */ = {isa = PBXFileReference; lastKnownFileType = sourcecode.swift; path = LocalNotificationManager.swift; sourceTree = "<group>"; };
		9B0EA5632C106F3D00E8291C /* ColorPickerView.swift */ = {isa = PBXFileReference; lastKnownFileType = sourcecode.swift; path = ColorPickerView.swift; sourceTree = "<group>"; };
		9B0EA5662C10C89C00E8291C /* HabitSheetView.swift */ = {isa = PBXFileReference; lastKnownFileType = sourcecode.swift; path = HabitSheetView.swift; sourceTree = "<group>"; };
		9B108F982CFF418900F41360 /* ArticleModel.swift */ = {isa = PBXFileReference; lastKnownFileType = sourcecode.swift; path = ArticleModel.swift; sourceTree = "<group>"; };
		9B2525B52CF0D2A40012E9B2 /* IGDTestInfoView.swift */ = {isa = PBXFileReference; lastKnownFileType = sourcecode.swift; path = IGDTestInfoView.swift; sourceTree = "<group>"; };
		9B2525B72CF0E3D10012E9B2 /* ShortTestViewModel.swift */ = {isa = PBXFileReference; lastKnownFileType = sourcecode.swift; path = ShortTestViewModel.swift; sourceTree = "<group>"; };
		9B2AFD422C00996100E908F5 /* Restarted.app */ = {isa = PBXFileReference; explicitFileType = wrapper.application; includeInIndex = 0; path = Restarted.app; sourceTree = BUILT_PRODUCTS_DIR; };
		9B2AFD492C00996200E908F5 /* Assets.xcassets */ = {isa = PBXFileReference; lastKnownFileType = folder.assetcatalog; path = Assets.xcassets; sourceTree = "<group>"; };
		9B2AFD4B2C00996200E908F5 /* Restarted.entitlements */ = {isa = PBXFileReference; lastKnownFileType = text.plist.entitlements; path = Restarted.entitlements; sourceTree = "<group>"; };
		9B2AFD4D2C00996200E908F5 /* Preview Assets.xcassets */ = {isa = PBXFileReference; lastKnownFileType = folder.assetcatalog; path = "Preview Assets.xcassets"; sourceTree = "<group>"; };
		9B2AFD5E2C0099F100E908F5 /* RestartedApp.swift */ = {isa = PBXFileReference; fileEncoding = 4; lastKnownFileType = sourcecode.swift; path = RestartedApp.swift; sourceTree = "<group>"; };
		9B2AFD692C009A0D00E908F5 /* ArticleCardView.swift */ = {isa = PBXFileReference; fileEncoding = 4; lastKnownFileType = sourcecode.swift; path = ArticleCardView.swift; sourceTree = "<group>"; };
		9B2AFD6A2C009A0D00E908F5 /* ArticleMainScreenView.swift */ = {isa = PBXFileReference; fileEncoding = 4; lastKnownFileType = sourcecode.swift; path = ArticleMainScreenView.swift; sourceTree = "<group>"; };
		9B2AFD6B2C009A0D00E908F5 /* ArticleView.swift */ = {isa = PBXFileReference; fileEncoding = 4; lastKnownFileType = sourcecode.swift; path = ArticleView.swift; sourceTree = "<group>"; };
		9B2AFD6D2C009A0D00E908F5 /* StatisticsView.swift */ = {isa = PBXFileReference; fileEncoding = 4; lastKnownFileType = sourcecode.swift; path = StatisticsView.swift; sourceTree = "<group>"; };
		9B2AFD702C009A0D00E908F5 /* GameMainScreenView.swift */ = {isa = PBXFileReference; fileEncoding = 4; lastKnownFileType = sourcecode.swift; path = GameMainScreenView.swift; sourceTree = "<group>"; };
		9B2AFD722C009A0D00E908F5 /* HomeView.swift */ = {isa = PBXFileReference; fileEncoding = 4; lastKnownFileType = sourcecode.swift; path = HomeView.swift; sourceTree = "<group>"; };
		9B2AFD742C009A0D00E908F5 /* ProfileMainScreenView.swift */ = {isa = PBXFileReference; fileEncoding = 4; lastKnownFileType = sourcecode.swift; path = ProfileMainScreenView.swift; sourceTree = "<group>"; };
		9B2AFD762C009A0D00E908F5 /* ContentView.swift */ = {isa = PBXFileReference; fileEncoding = 4; lastKnownFileType = sourcecode.swift; path = ContentView.swift; sourceTree = "<group>"; };
		9B3872A42C8CE48E00C76784 /* HabitViewModel.swift */ = {isa = PBXFileReference; lastKnownFileType = sourcecode.swift; path = HabitViewModel.swift; sourceTree = "<group>"; };
		9B397CA82D2C452F005CBBD1 /* StatisticsViewModel.swift */ = {isa = PBXFileReference; lastKnownFileType = sourcecode.swift; path = StatisticsViewModel.swift; sourceTree = "<group>"; };
		9B3AD9072C0F60F000230004 /* ThemeChanger.swift */ = {isa = PBXFileReference; lastKnownFileType = sourcecode.swift; path = ThemeChanger.swift; sourceTree = "<group>"; };
		9B3D81952D1883870079A072 /* ChangeNameSheetView.swift */ = {isa = PBXFileReference; lastKnownFileType = sourcecode.swift; path = ChangeNameSheetView.swift; sourceTree = "<group>"; };
		9B4084AA2C1C9E8B002FBDB7 /* LanguageView.swift */ = {isa = PBXFileReference; lastKnownFileType = sourcecode.swift; path = LanguageView.swift; sourceTree = "<group>"; };
		9B42AE3A2C8A50F800343433 /* Launch Screen.storyboard */ = {isa = PBXFileReference; lastKnownFileType = file.storyboard; path = "Launch Screen.storyboard"; sourceTree = "<group>"; };
		9B568F862C00B22500B6D645 /* CirclesView.swift */ = {isa = PBXFileReference; lastKnownFileType = sourcecode.swift; path = CirclesView.swift; sourceTree = "<group>"; };
		9B568F882C00B29C00B6D645 /* SettingsView.swift */ = {isa = PBXFileReference; lastKnownFileType = sourcecode.swift; path = SettingsView.swift; sourceTree = "<group>"; };
		9B568F8A2C00B2CB00B6D645 /* AdditionalSettingsView.swift */ = {isa = PBXFileReference; lastKnownFileType = sourcecode.swift; path = AdditionalSettingsView.swift; sourceTree = "<group>"; };
		9B5834A92CDCE82A00A6437B /* GoogleService-Info.plist */ = {isa = PBXFileReference; fileEncoding = 4; lastKnownFileType = text.plist.xml; path = "GoogleService-Info.plist"; sourceTree = "<group>"; };
		9B5A41C12CB67FEF00617FEB /* QuickGuideView.swift */ = {isa = PBXFileReference; lastKnownFileType = sourcecode.swift; path = QuickGuideView.swift; sourceTree = "<group>"; };
		9B6294E52C12216200CDFBC5 /* Extentions.swift */ = {isa = PBXFileReference; lastKnownFileType = sourcecode.swift; path = Extentions.swift; sourceTree = "<group>"; };
		9B6E6C322CDE4233002D3042 /* GoogleService-Info-7.plist */ = {isa = PBXFileReference; fileEncoding = 4; lastKnownFileType = text.plist.xml; path = "GoogleService-Info-7.plist"; sourceTree = "<group>"; };
		9B6E6C392CDE42A5002D3042 /* Info.plist */ = {isa = PBXFileReference; lastKnownFileType = text.plist.xml; path = Info.plist; sourceTree = "<group>"; };
		9B6E6C3A2CDE450F002D3042 /* AuthentcationViewModel.swift */ = {isa = PBXFileReference; lastKnownFileType = sourcecode.swift; path = AuthentcationViewModel.swift; sourceTree = "<group>"; };
		9B6E6C3E2CDE4668002D3042 /* GoogleSignInResultModel.swift */ = {isa = PBXFileReference; lastKnownFileType = sourcecode.swift; path = GoogleSignInResultModel.swift; sourceTree = "<group>"; };
		9B6E6C402CDE4BBB002D3042 /* SignInGoogleHelper.swift */ = {isa = PBXFileReference; lastKnownFileType = sourcecode.swift; path = SignInGoogleHelper.swift; sourceTree = "<group>"; };
		9B71D1852C5FDE6B00FF3EA3 /* HapticManager.swift */ = {isa = PBXFileReference; lastKnownFileType = sourcecode.swift; path = HapticManager.swift; sourceTree = "<group>"; };
		9B7528B52C2753D000657E8A /* CustomTabBar.swift */ = {isa = PBXFileReference; lastKnownFileType = sourcecode.swift; path = CustomTabBar.swift; sourceTree = "<group>"; };
		9B77BF172CE4BC58009A7FD7 /* UserModel.swift */ = {isa = PBXFileReference; fileEncoding = 4; lastKnownFileType = sourcecode.swift; path = UserModel.swift; sourceTree = "<group>"; };
		9B77BF1B2CE65642009A7FD7 /* Utilites.swift */ = {isa = PBXFileReference; lastKnownFileType = sourcecode.swift; path = Utilites.swift; sourceTree = "<group>"; };
		9B7D09A02CEB6AFA001B2C4A /* HabitModel.xcdatamodel */ = {isa = PBXFileReference; lastKnownFileType = wrapper.xcdatamodel; path = HabitModel.xcdatamodel; sourceTree = "<group>"; };
		9B9C72CD2CDCEC88006F3BBF /* AuthenticationView.swift */ = {isa = PBXFileReference; lastKnownFileType = sourcecode.swift; path = AuthenticationView.swift; sourceTree = "<group>"; };
		9B9C72D12CDCF2D4006F3BBF /* ProfileViewModel.swift */ = {isa = PBXFileReference; lastKnownFileType = sourcecode.swift; path = ProfileViewModel.swift; sourceTree = "<group>"; };
		9B9CE87A2C90494100BCF0D7 /* CustomElements.swift */ = {isa = PBXFileReference; lastKnownFileType = sourcecode.swift; path = CustomElements.swift; sourceTree = "<group>"; };
		9B9DE1102C63FF1100422443 /* GameViewModel.swift */ = {isa = PBXFileReference; lastKnownFileType = sourcecode.swift; path = GameViewModel.swift; sourceTree = "<group>"; };
		9B9FD66E2D2160B800FD6A17 /* GameSheetModel.swift */ = {isa = PBXFileReference; fileEncoding = 4; lastKnownFileType = sourcecode.swift; path = GameSheetModel.swift; sourceTree = "<group>"; };
		9B9FD6702D21613E00FD6A17 /* TimeTools.swift */ = {isa = PBXFileReference; lastKnownFileType = sourcecode.swift; path = TimeTools.swift; sourceTree = "<group>"; };
		9BA8CC062C8EE09E005AF647 /* HabitsMainScreenView.swift */ = {isa = PBXFileReference; lastKnownFileType = sourcecode.swift; path = HabitsMainScreenView.swift; sourceTree = "<group>"; };
		9BA8CC082C8F5819005AF647 /* HabitSheetModel.swift */ = {isa = PBXFileReference; lastKnownFileType = sourcecode.swift; path = HabitSheetModel.swift; sourceTree = "<group>"; };
		9BB29BA82C81CCF2006E2ECD /* ArticleViewModel.swift */ = {isa = PBXFileReference; lastKnownFileType = sourcecode.swift; path = ArticleViewModel.swift; sourceTree = "<group>"; };
		9BBA81C02CDCE35A006EB807 /* AuthenticationUserModel.swift */ = {isa = PBXFileReference; lastKnownFileType = sourcecode.swift; path = AuthenticationUserModel.swift; sourceTree = "<group>"; };
		9BBA81C22CDCE3C6006EB807 /* AuthenticationManager.swift */ = {isa = PBXFileReference; lastKnownFileType = sourcecode.swift; path = AuthenticationManager.swift; sourceTree = "<group>"; };
		9BBA81C42CDCE426006EB807 /* SignInWithEmailView.swift */ = {isa = PBXFileReference; lastKnownFileType = sourcecode.swift; path = SignInWithEmailView.swift; sourceTree = "<group>"; };
		9BBA81C62CDCE475006EB807 /* SignInWithEmailViewModel.swift */ = {isa = PBXFileReference; lastKnownFileType = sourcecode.swift; path = SignInWithEmailViewModel.swift; sourceTree = "<group>"; };
		9BBD4D182D200A49003A0B4C /* PresetModel.swift */ = {isa = PBXFileReference; lastKnownFileType = sourcecode.swift; path = PresetModel.swift; sourceTree = "<group>"; };
		9BBE86DA2D19E8DD0069B58E /* GameModel.swift */ = {isa = PBXFileReference; lastKnownFileType = sourcecode.swift; path = GameModel.swift; sourceTree = "<group>"; };
		9BD5E8B42CF23646002464E4 /* IGDTest Model.swift */ = {isa = PBXFileReference; lastKnownFileType = sourcecode.swift; path = "IGDTest Model.swift"; sourceTree = "<group>"; };
		9BD5E8B62CF24E12002464E4 /* LongTestViewModel.swift */ = {isa = PBXFileReference; lastKnownFileType = sourcecode.swift; path = LongTestViewModel.swift; sourceTree = "<group>"; };
		9BD5E8B82CF24F89002464E4 /* IGDTestView.swift */ = {isa = PBXFileReference; lastKnownFileType = sourcecode.swift; path = IGDTestView.swift; sourceTree = "<group>"; };
		9BD8129F2C720C27005A6085 /* PlusButton.swift */ = {isa = PBXFileReference; lastKnownFileType = sourcecode.swift; path = PlusButton.swift; sourceTree = "<group>"; };
		9BD812A22C721067005A6085 /* SetUpTimerView.swift */ = {isa = PBXFileReference; lastKnownFileType = sourcecode.swift; path = SetUpTimerView.swift; sourceTree = "<group>"; };
		9BD812A42C74F044005A6085 /* TimerView.swift */ = {isa = PBXFileReference; lastKnownFileType = sourcecode.swift; path = TimerView.swift; sourceTree = "<group>"; };
		9BD812A62C7519F9005A6085 /* TimerViewModel.swift */ = {isa = PBXFileReference; lastKnownFileType = sourcecode.swift; path = TimerViewModel.swift; sourceTree = "<group>"; };
		9BDE50472C0A02F400910F23 /* HabitListView.swift */ = {isa = PBXFileReference; lastKnownFileType = sourcecode.swift; path = HabitListView.swift; sourceTree = "<group>"; };
		9BE572B72D15ED1000A4D45E /* ProfileInfoLinkView.swift */ = {isa = PBXFileReference; lastKnownFileType = sourcecode.swift; path = ProfileInfoLinkView.swift; sourceTree = "<group>"; };
		9BE572B92D15F17200A4D45E /* ProfileInfoView.swift */ = {isa = PBXFileReference; lastKnownFileType = sourcecode.swift; path = ProfileInfoView.swift; sourceTree = "<group>"; };
		9BE96A102C05251300CE3EBB /* StatisticView.swift */ = {isa = PBXFileReference; lastKnownFileType = sourcecode.swift; path = StatisticView.swift; sourceTree = "<group>"; };
		9BF77AF82CDA556200FDE543 /* GameModel.xcdatamodel */ = {isa = PBXFileReference; lastKnownFileType = wrapper.xcdatamodel; path = GameModel.xcdatamodel; sourceTree = "<group>"; };
		9BF77F222CE75A08006FC86F /* RootView.swift */ = {isa = PBXFileReference; lastKnownFileType = sourcecode.swift; path = RootView.swift; sourceTree = "<group>"; };
		9BFE38882CB7F36100325173 /* QGHabitsView.swift */ = {isa = PBXFileReference; lastKnownFileType = sourcecode.swift; path = QGHabitsView.swift; sourceTree = "<group>"; };
		9BFE388A2CB7F3C300325173 /* QGArticlesView.swift */ = {isa = PBXFileReference; lastKnownFileType = sourcecode.swift; path = QGArticlesView.swift; sourceTree = "<group>"; };
		9BFE388C2CB7F43600325173 /* QGTimerView.swift */ = {isa = PBXFileReference; lastKnownFileType = sourcecode.swift; path = QGTimerView.swift; sourceTree = "<group>"; };
		9BFE388E2CB7F4CA00325173 /* QGTestsView.swift */ = {isa = PBXFileReference; lastKnownFileType = sourcecode.swift; path = QGTestsView.swift; sourceTree = "<group>"; };
/* End PBXFileReference section */

/* Begin PBXFrameworksBuildPhase section */
		9B2AFD3F2C00996100E908F5 /* Frameworks */ = {
			isa = PBXFrameworksBuildPhase;
			buildActionMask = 2147483647;
			files = (
				9BBA81B72CDCE052006EB807 /* FirebaseAnalytics in Frameworks */,
				9BBA81BD2CDCE052006EB807 /* FirebaseCore in Frameworks */,
				9B6E6C382CDE424B002D3042 /* GoogleSignInSwift in Frameworks */,
				9BBA81B92CDCE052006EB807 /* FirebaseAuth in Frameworks */,
				9B140DB82CB67EFF0067F30B /* MarkdownUI in Frameworks */,
				9BFD3AB92CE2651B0000A460 /* FirebaseFirestore in Frameworks */,
				9BBA81BB2CDCE052006EB807 /* FirebaseAuthCombine-Community in Frameworks */,
				9B6E6C362CDE424B002D3042 /* GoogleSignIn in Frameworks */,
			);
			runOnlyForDeploymentPostprocessing = 0;
		};
/* End PBXFrameworksBuildPhase section */

/* Begin PBXGroup section */
		9B0EA5612C106ED500E8291C /* Stats */ = {
			isa = PBXGroup;
			children = (
				9B568F862C00B22500B6D645 /* CirclesView.swift */,
				9BE96A102C05251300CE3EBB /* StatisticView.swift */,
			);
			path = Stats;
			sourceTree = "<group>";
		};
		9B0EA5622C106EE400E8291C /* Settings */ = {
			isa = PBXGroup;
			children = (
				9B568F882C00B29C00B6D645 /* SettingsView.swift */,
				9B0EA5632C106F3D00E8291C /* ColorPickerView.swift */,
				9B4084AA2C1C9E8B002FBDB7 /* LanguageView.swift */,
			);
			path = Settings;
			sourceTree = "<group>";
		};
		9B0EA5652C106FAF00E8291C /* Additional Settings */ = {
			isa = PBXGroup;
			children = (
				9B5A41C32CB7F2F500617FEB /* QuickGuideViews */,
				9B568F8A2C00B2CB00B6D645 /* AdditionalSettingsView.swift */,
				9B5A41C12CB67FEF00617FEB /* QuickGuideView.swift */,
			);
			path = "Additional Settings";
			sourceTree = "<group>";
		};
		9B2AFD392C00996100E908F5 = {
			isa = PBXGroup;
			children = (
				9B2AFD442C00996100E908F5 /* Restarted */,
				9B2AFD432C00996100E908F5 /* Products */,
				9BFD3AB72CE2651B0000A460 /* Frameworks */,
			);
			sourceTree = "<group>";
		};
		9B2AFD432C00996100E908F5 /* Products */ = {
			isa = PBXGroup;
			children = (
				9B2AFD422C00996100E908F5 /* Restarted.app */,
			);
			name = Products;
			sourceTree = "<group>";
		};
		9B2AFD442C00996100E908F5 /* Restarted */ = {
			isa = PBXGroup;
			children = (
				9B7D09A42CEBB02E001B2C4A /* googlePlists */,
				9B6E6C392CDE42A5002D3042 /* Info.plist */,
				9B2AFD5E2C0099F100E908F5 /* RestartedApp.swift */,
				9B2AFD5F2C0099F100E908F5 /* Model */,
				9B2AFD822C009A3100E908F5 /* ViewModel */,
				9B2AFD772C009A0D00E908F5 /* Views */,
				9B2AFD492C00996200E908F5 /* Assets.xcassets */,
				9B42AE3A2C8A50F800343433 /* Launch Screen.storyboard */,
				9B2AFD4B2C00996200E908F5 /* Restarted.entitlements */,
				9B2AFD4C2C00996200E908F5 /* Preview Content */,
			);
			path = Restarted;
			sourceTree = "<group>";
		};
		9B2AFD4C2C00996200E908F5 /* Preview Content */ = {
			isa = PBXGroup;
			children = (
				9B2AFD4D2C00996200E908F5 /* Preview Assets.xcassets */,
			);
			path = "Preview Content";
			sourceTree = "<group>";
		};
		9B2AFD5F2C0099F100E908F5 /* Model */ = {
			isa = PBXGroup;
			children = (
				9B108F982CFF418900F41360 /* ArticleModel.swift */,
				9BBE86DA2D19E8DD0069B58E /* GameModel.swift */,
				9B77BF172CE4BC58009A7FD7 /* UserModel.swift */,
				9BBD4D182D200A49003A0B4C /* PresetModel.swift */,
				9B7D099F2CEB6AFA001B2C4A /* HabitModel.xcdatamodeld */,
				9BF77AF72CDA556200FDE543 /* GameModel.xcdatamodeld */,
				9B6294E52C12216200CDFBC5 /* Extentions.swift */,
				9BD5E8B42CF23646002464E4 /* IGDTest Model.swift */,
				9B3AD9062C0F60AF00230004 /* Helpers */,
			);
			path = Model;
			sourceTree = "<group>";
		};
		9B2AFD6C2C009A0D00E908F5 /* ArticleViews */ = {
			isa = PBXGroup;
			children = (
				9B2AFD6A2C009A0D00E908F5 /* ArticleMainScreenView.swift */,
				9B2AFD692C009A0D00E908F5 /* ArticleCardView.swift */,
				9B2AFD6B2C009A0D00E908F5 /* ArticleView.swift */,
			);
			path = ArticleViews;
			sourceTree = "<group>";
		};
		9B2AFD6E2C009A0D00E908F5 /* StatsViews */ = {
			isa = PBXGroup;
			children = (
				9B2AFD6D2C009A0D00E908F5 /* StatisticsView.swift */,
				9B0EA5612C106ED500E8291C /* Stats */,
			);
			path = StatsViews;
			sourceTree = "<group>";
		};
		9B2AFD712C009A0D00E908F5 /* GamesViews */ = {
			isa = PBXGroup;
			children = (
				9B2AFD702C009A0D00E908F5 /* GameMainScreenView.swift */,
				9BD812A12C72104E005A6085 /* TimerViews */,
			);
			path = GamesViews;
			sourceTree = "<group>";
		};
		9B2AFD732C009A0D00E908F5 /* HomeViews */ = {
			isa = PBXGroup;
			children = (
				9B2AFD722C009A0D00E908F5 /* HomeView.swift */,
				9B3872A62C8CE82300C76784 /* HabitsViews */,
			);
			path = HomeViews;
			sourceTree = "<group>";
		};
		9B2AFD752C009A0D00E908F5 /* ProfileViews */ = {
			isa = PBXGroup;
			children = (
				9B2AFD742C009A0D00E908F5 /* ProfileMainScreenView.swift */,
				9BE572B72D15ED1000A4D45E /* ProfileInfoLinkView.swift */,
				9BE572B92D15F17200A4D45E /* ProfileInfoView.swift */,
				9B3D81952D1883870079A072 /* ChangeNameSheetView.swift */,
				9B0EA5622C106EE400E8291C /* Settings */,
				9BA8E2CE2CF1FBF600A0BC00 /* IGD tests */,
				9B0EA5652C106FAF00E8291C /* Additional Settings */,
			);
			path = ProfileViews;
			sourceTree = "<group>";
		};
		9B2AFD772C009A0D00E908F5 /* Views */ = {
			isa = PBXGroup;
			children = (
				9BD8129E2C720BC8005A6085 /* Help Views */,
				9B2AFD732C009A0D00E908F5 /* HomeViews */,
				9B2AFD6C2C009A0D00E908F5 /* ArticleViews */,
				9B2AFD712C009A0D00E908F5 /* GamesViews */,
				9B2AFD6E2C009A0D00E908F5 /* StatsViews */,
				9B2AFD752C009A0D00E908F5 /* ProfileViews */,
				9B5834AB2CDCEB4F00A6437B /* Root Views */,
			);
			path = Views;
			sourceTree = "<group>";
		};
		9B2AFD822C009A3100E908F5 /* ViewModel */ = {
			isa = PBXGroup;
			children = (
				9B3872A42C8CE48E00C76784 /* HabitViewModel.swift */,
				9BB29BA82C81CCF2006E2ECD /* ArticleViewModel.swift */,
				9BD5E8B12CF2359A002464E4 /* AuthenticationVMs */,
				9BD5E8B22CF235BB002464E4 /* GameVMs */,
				9BD5E8B32CF235D9002464E4 /* ProfileVMs */,
				9B397CA82D2C452F005CBBD1 /* StatisticsViewModel.swift */,
			);
			path = ViewModel;
			sourceTree = "<group>";
		};
		9B3872A62C8CE82300C76784 /* HabitsViews */ = {
			isa = PBXGroup;
			children = (
				9BA8CC062C8EE09E005AF647 /* HabitsMainScreenView.swift */,
				9BDE50472C0A02F400910F23 /* HabitListView.swift */,
				9B0EA5662C10C89C00E8291C /* HabitSheetView.swift */,
			);
			path = HabitsViews;
			sourceTree = "<group>";
		};
		9B3AD9062C0F60AF00230004 /* Helpers */ = {
			isa = PBXGroup;
			children = (
				9B7D09A32CEBAFBE001B2C4A /* Authentication */,
				9B7D09A22CEBAF86001B2C4A /* UI */,
			);
			path = Helpers;
			sourceTree = "<group>";
		};
		9B5834AB2CDCEB4F00A6437B /* Root Views */ = {
			isa = PBXGroup;
			children = (
				9B9C72CD2CDCEC88006F3BBF /* AuthenticationView.swift */,
				9BBA81C42CDCE426006EB807 /* SignInWithEmailView.swift */,
				9B2AFD762C009A0D00E908F5 /* ContentView.swift */,
				9BF77F222CE75A08006FC86F /* RootView.swift */,
			);
			path = "Root Views";
			sourceTree = "<group>";
		};
		9B5A41C32CB7F2F500617FEB /* QuickGuideViews */ = {
			isa = PBXGroup;
			children = (
				9BFE38882CB7F36100325173 /* QGHabitsView.swift */,
				9BFE388A2CB7F3C300325173 /* QGArticlesView.swift */,
				9BFE388C2CB7F43600325173 /* QGTimerView.swift */,
				9BFE388E2CB7F4CA00325173 /* QGTestsView.swift */,
			);
			path = QuickGuideViews;
			sourceTree = "<group>";
		};
		9B7D09A22CEBAF86001B2C4A /* UI */ = {
			isa = PBXGroup;
			children = (
				9B71D1852C5FDE6B00FF3EA3 /* HapticManager.swift */,
				9B3AD9072C0F60F000230004 /* ThemeChanger.swift */,
				9B7528B52C2753D000657E8A /* CustomTabBar.swift */,
				9BA8CC082C8F5819005AF647 /* HabitSheetModel.swift */,
				9B9FD66E2D2160B800FD6A17 /* GameSheetModel.swift */,
				9B0139D52CB9730500365128 /* LocalNotificationManager.swift */,
				9B9FD6702D21613E00FD6A17 /* TimeTools.swift */,
			);
			path = UI;
			sourceTree = "<group>";
		};
		9B7D09A32CEBAFBE001B2C4A /* Authentication */ = {
			isa = PBXGroup;
			children = (
				9BBA81C22CDCE3C6006EB807 /* AuthenticationManager.swift */,
				9BBA81C02CDCE35A006EB807 /* AuthenticationUserModel.swift */,
				9B6E6C402CDE4BBB002D3042 /* SignInGoogleHelper.swift */,
				9B6E6C3E2CDE4668002D3042 /* GoogleSignInResultModel.swift */,
				9B77BF1B2CE65642009A7FD7 /* Utilites.swift */,
			);
			path = Authentication;
			sourceTree = "<group>";
		};
		9B7D09A42CEBB02E001B2C4A /* googlePlists */ = {
			isa = PBXGroup;
			children = (
				9B6E6C322CDE4233002D3042 /* GoogleService-Info-7.plist */,
				9B5834A92CDCE82A00A6437B /* GoogleService-Info.plist */,
			);
			path = googlePlists;
			sourceTree = "<group>";
		};
		9BA8E2CE2CF1FBF600A0BC00 /* IGD tests */ = {
			isa = PBXGroup;
			children = (
				9B2525B52CF0D2A40012E9B2 /* IGDTestInfoView.swift */,
				9BD5E8B82CF24F89002464E4 /* IGDTestView.swift */,
			);
			path = "IGD tests";
			sourceTree = "<group>";
		};
		9BD5E8B12CF2359A002464E4 /* AuthenticationVMs */ = {
			isa = PBXGroup;
			children = (
				9B6E6C3A2CDE450F002D3042 /* AuthentcationViewModel.swift */,
				9BBA81C62CDCE475006EB807 /* SignInWithEmailViewModel.swift */,
			);
			path = AuthenticationVMs;
			sourceTree = "<group>";
		};
		9BD5E8B22CF235BB002464E4 /* GameVMs */ = {
			isa = PBXGroup;
			children = (
				9B9DE1102C63FF1100422443 /* GameViewModel.swift */,
				9BD812A62C7519F9005A6085 /* TimerViewModel.swift */,
			);
			path = GameVMs;
			sourceTree = "<group>";
		};
		9BD5E8B32CF235D9002464E4 /* ProfileVMs */ = {
			isa = PBXGroup;
			children = (
				9B9C72D12CDCF2D4006F3BBF /* ProfileViewModel.swift */,
				9BD5E8B62CF24E12002464E4 /* LongTestViewModel.swift */,
				9B2525B72CF0E3D10012E9B2 /* ShortTestViewModel.swift */,
			);
			path = ProfileVMs;
			sourceTree = "<group>";
		};
		9BD8129E2C720BC8005A6085 /* Help Views */ = {
			isa = PBXGroup;
			children = (
				9BD8129F2C720C27005A6085 /* PlusButton.swift */,
				9B9CE87A2C90494100BCF0D7 /* CustomElements.swift */,
			);
			path = "Help Views";
			sourceTree = "<group>";
		};
		9BD812A12C72104E005A6085 /* TimerViews */ = {
			isa = PBXGroup;
			children = (
				9BD812A22C721067005A6085 /* SetUpTimerView.swift */,
				9BD812A42C74F044005A6085 /* TimerView.swift */,
			);
			path = TimerViews;
			sourceTree = "<group>";
		};
		9BFD3AB72CE2651B0000A460 /* Frameworks */ = {
			isa = PBXGroup;
			children = (
			);
			name = Frameworks;
			sourceTree = "<group>";
		};
/* End PBXGroup section */

/* Begin PBXNativeTarget section */
		9B2AFD412C00996100E908F5 /* Restarted */ = {
			isa = PBXNativeTarget;
			buildConfigurationList = 9B2AFD512C00996200E908F5 /* Build configuration list for PBXNativeTarget "Restarted" */;
			buildPhases = (
				9B2AFD3E2C00996100E908F5 /* Sources */,
				9B2AFD3F2C00996100E908F5 /* Frameworks */,
				9B2AFD402C00996100E908F5 /* Resources */,
			);
			buildRules = (
			);
			dependencies = (
			);
			name = Restarted;
			packageProductDependencies = (
				9B140DB72CB67EFF0067F30B /* MarkdownUI */,
				9BBA81B62CDCE052006EB807 /* FirebaseAnalytics */,
				9BBA81B82CDCE052006EB807 /* FirebaseAuth */,
				9BBA81BA2CDCE052006EB807 /* FirebaseAuthCombine-Community */,
				9BBA81BC2CDCE052006EB807 /* FirebaseCore */,
				9B6E6C352CDE424B002D3042 /* GoogleSignIn */,
				9B6E6C372CDE424B002D3042 /* GoogleSignInSwift */,
				9BFD3AB82CE2651B0000A460 /* FirebaseFirestore */,
			);
			productName = Restarted;
			productReference = 9B2AFD422C00996100E908F5 /* Restarted.app */;
			productType = "com.apple.product-type.application";
		};
/* End PBXNativeTarget section */

/* Begin PBXProject section */
		9B2AFD3A2C00996100E908F5 /* Project object */ = {
			isa = PBXProject;
			attributes = {
				BuildIndependentTargetsInParallel = 1;
				LastSwiftUpdateCheck = 1540;
				LastUpgradeCheck = 1540;
				TargetAttributes = {
					9B2AFD412C00996100E908F5 = {
						CreatedOnToolsVersion = 15.4;
					};
				};
			};
			buildConfigurationList = 9B2AFD3D2C00996100E908F5 /* Build configuration list for PBXProject "Restarted" */;
			compatibilityVersion = "Xcode 14.0";
			developmentRegion = en;
			hasScannedForEncodings = 0;
			knownRegions = (
				en,
				Base,
			);
			mainGroup = 9B2AFD392C00996100E908F5;
			packageReferences = (
				9B140DB62CB67EFF0067F30B /* XCRemoteSwiftPackageReference "swift-markdown-ui" */,
				9BBA81B52CDCE052006EB807 /* XCRemoteSwiftPackageReference "firebase-ios-sdk" */,
				9B6E6C342CDE424B002D3042 /* XCRemoteSwiftPackageReference "GoogleSignIn-iOS" */,
			);
			productRefGroup = 9B2AFD432C00996100E908F5 /* Products */;
			projectDirPath = "";
			projectRoot = "";
			targets = (
				9B2AFD412C00996100E908F5 /* Restarted */,
			);
		};
/* End PBXProject section */

/* Begin PBXResourcesBuildPhase section */
		9B2AFD402C00996100E908F5 /* Resources */ = {
			isa = PBXResourcesBuildPhase;
			buildActionMask = 2147483647;
			files = (
				9B42AE3B2C8A50F800343433 /* Launch Screen.storyboard in Resources */,
				9B2AFD4E2C00996200E908F5 /* Preview Assets.xcassets in Resources */,
				9B5834AA2CDCE82A00A6437B /* GoogleService-Info.plist in Resources */,
				9B2AFD4A2C00996200E908F5 /* Assets.xcassets in Resources */,
				9B6E6C332CDE4233002D3042 /* GoogleService-Info-7.plist in Resources */,
			);
			runOnlyForDeploymentPostprocessing = 0;
		};
/* End PBXResourcesBuildPhase section */

/* Begin PBXSourcesBuildPhase section */
		9B2AFD3E2C00996100E908F5 /* Sources */ = {
			isa = PBXSourcesBuildPhase;
			buildActionMask = 2147483647;
			files = (
				9BBA81C12CDCE35A006EB807 /* AuthenticationUserModel.swift in Sources */,
				9B2AFD7D2C009A0D00E908F5 /* GameMainScreenView.swift in Sources */,
				9BFE38892CB7F36100325173 /* QGHabitsView.swift in Sources */,
				9B2AFD7E2C009A0D00E908F5 /* HomeView.swift in Sources */,
				9B2AFD802C009A0D00E908F5 /* ContentView.swift in Sources */,
				9BD812A32C721067005A6085 /* SetUpTimerView.swift in Sources */,
				9BD812A52C74F044005A6085 /* TimerView.swift in Sources */,
				9BFE388F2CB7F4CA00325173 /* QGTestsView.swift in Sources */,
				9B397CA92D2C452F005CBBD1 /* StatisticsViewModel.swift in Sources */,
				9B2525B62CF0D2A40012E9B2 /* IGDTestInfoView.swift in Sources */,
				9B3872A52C8CE48E00C76784 /* HabitViewModel.swift in Sources */,
				9B9FD6712D21613E00FD6A17 /* TimeTools.swift in Sources */,
				9B2AFD782C009A0D00E908F5 /* ArticleCardView.swift in Sources */,
				9BDE50482C0A02F400910F23 /* HabitListView.swift in Sources */,
				9B568F8B2C00B2CB00B6D645 /* AdditionalSettingsView.swift in Sources */,
				9BA8CC092C8F5819005AF647 /* HabitSheetModel.swift in Sources */,
				9B9C72D22CDCF2D4006F3BBF /* ProfileViewModel.swift in Sources */,
				9B9C72CE2CDCEC88006F3BBF /* AuthenticationView.swift in Sources */,
				9BBD4D192D200A49003A0B4C /* PresetModel.swift in Sources */,
				9B77BF182CE4BC58009A7FD7 /* UserModel.swift in Sources */,
				9B6294E62C12216200CDFBC5 /* Extentions.swift in Sources */,
				9B9FD66F2D2160B800FD6A17 /* GameSheetModel.swift in Sources */,
				9BBA81C32CDCE3C6006EB807 /* AuthenticationManager.swift in Sources */,
				9BD5E8B52CF23646002464E4 /* IGDTest Model.swift in Sources */,
				9BBE86DB2D19E8DD0069B58E /* GameModel.swift in Sources */,
				9B568F892C00B29C00B6D645 /* SettingsView.swift in Sources */,
				9B568F872C00B22500B6D645 /* CirclesView.swift in Sources */,
				9B6E6C412CDE4BBB002D3042 /* SignInGoogleHelper.swift in Sources */,
				9BE96A112C05251300CE3EBB /* StatisticView.swift in Sources */,
				9B0139D62CB9730500365128 /* LocalNotificationManager.swift in Sources */,
				9B2525B82CF0E3D10012E9B2 /* ShortTestViewModel.swift in Sources */,
				9B4084AB2C1C9E8B002FBDB7 /* LanguageView.swift in Sources */,
				9BE572B82D15ED1000A4D45E /* ProfileInfoLinkView.swift in Sources */,
				9B77BF1C2CE65642009A7FD7 /* Utilites.swift in Sources */,
				9B9DE1112C63FF1100422443 /* GameViewModel.swift in Sources */,
				9B2AFD682C0099F100E908F5 /* RestartedApp.swift in Sources */,
				9BF77F232CE75A08006FC86F /* RootView.swift in Sources */,
				9B3D81962D1883870079A072 /* ChangeNameSheetView.swift in Sources */,
				9BD5E8B72CF24E12002464E4 /* LongTestViewModel.swift in Sources */,
				9BD812A72C7519F9005A6085 /* TimerViewModel.swift in Sources */,
				9B0EA5642C106F3D00E8291C /* ColorPickerView.swift in Sources */,
				9B7528B62C2753D000657E8A /* CustomTabBar.swift in Sources */,
				9B2AFD7F2C009A0D00E908F5 /* ProfileMainScreenView.swift in Sources */,
				9BF77AFA2CDA556200FDE543 /* GameModel.xcdatamodeld in Sources */,
				9B2AFD7B2C009A0D00E908F5 /* StatisticsView.swift in Sources */,
				9BD812A02C720C27005A6085 /* PlusButton.swift in Sources */,
				9BE572BA2D15F17200A4D45E /* ProfileInfoView.swift in Sources */,
				9B5A41C22CB67FEF00617FEB /* QuickGuideView.swift in Sources */,
				9B6E6C3B2CDE450F002D3042 /* AuthentcationViewModel.swift in Sources */,
				9B2AFD792C009A0D00E908F5 /* ArticleMainScreenView.swift in Sources */,
				9B0EA5672C10C89C00E8291C /* HabitSheetView.swift in Sources */,
				9B9CE87B2C90494100BCF0D7 /* CustomElements.swift in Sources */,
				9B108F992CFF418900F41360 /* ArticleModel.swift in Sources */,
				9B71D1862C5FDE6B00FF3EA3 /* HapticManager.swift in Sources */,
				9B6E6C3F2CDE4668002D3042 /* GoogleSignInResultModel.swift in Sources */,
				9BBA81C72CDCE475006EB807 /* SignInWithEmailViewModel.swift in Sources */,
				9BBA81C52CDCE426006EB807 /* SignInWithEmailView.swift in Sources */,
				9BB29BA92C81CCF2006E2ECD /* ArticleViewModel.swift in Sources */,
				9BD5E8B92CF24F89002464E4 /* IGDTestView.swift in Sources */,
				9B3AD9082C0F60F000230004 /* ThemeChanger.swift in Sources */,
				9B2AFD7A2C009A0D00E908F5 /* ArticleView.swift in Sources */,
				9BFE388D2CB7F43600325173 /* QGTimerView.swift in Sources */,
				9BA8CC072C8EE09E005AF647 /* HabitsMainScreenView.swift in Sources */,
				9BFE388B2CB7F3C300325173 /* QGArticlesView.swift in Sources */,
				9B7D09A12CEB6AFA001B2C4A /* HabitModel.xcdatamodeld in Sources */,
			);
			runOnlyForDeploymentPostprocessing = 0;
		};
/* End PBXSourcesBuildPhase section */

/* Begin XCBuildConfiguration section */
		9B2AFD4F2C00996200E908F5 /* Debug */ = {
			isa = XCBuildConfiguration;
			buildSettings = {
				ALWAYS_SEARCH_USER_PATHS = NO;
				ASSETCATALOG_COMPILER_GENERATE_SWIFT_ASSET_SYMBOL_EXTENSIONS = YES;
				CLANG_ANALYZER_NONNULL = YES;
				CLANG_ANALYZER_NUMBER_OBJECT_CONVERSION = YES_AGGRESSIVE;
				CLANG_CXX_LANGUAGE_STANDARD = "gnu++20";
				CLANG_ENABLE_MODULES = YES;
				CLANG_ENABLE_OBJC_ARC = YES;
				CLANG_ENABLE_OBJC_WEAK = YES;
				CLANG_WARN_BLOCK_CAPTURE_AUTORELEASING = YES;
				CLANG_WARN_BOOL_CONVERSION = YES;
				CLANG_WARN_COMMA = YES;
				CLANG_WARN_CONSTANT_CONVERSION = YES;
				CLANG_WARN_DEPRECATED_OBJC_IMPLEMENTATIONS = YES;
				CLANG_WARN_DIRECT_OBJC_ISA_USAGE = YES_ERROR;
				CLANG_WARN_DOCUMENTATION_COMMENTS = YES;
				CLANG_WARN_EMPTY_BODY = YES;
				CLANG_WARN_ENUM_CONVERSION = YES;
				CLANG_WARN_INFINITE_RECURSION = YES;
				CLANG_WARN_INT_CONVERSION = YES;
				CLANG_WARN_NON_LITERAL_NULL_CONVERSION = YES;
				CLANG_WARN_OBJC_IMPLICIT_RETAIN_SELF = YES;
				CLANG_WARN_OBJC_LITERAL_CONVERSION = YES;
				CLANG_WARN_OBJC_ROOT_CLASS = YES_ERROR;
				CLANG_WARN_QUOTED_INCLUDE_IN_FRAMEWORK_HEADER = YES;
				CLANG_WARN_RANGE_LOOP_ANALYSIS = YES;
				CLANG_WARN_STRICT_PROTOTYPES = YES;
				CLANG_WARN_SUSPICIOUS_MOVE = YES;
				CLANG_WARN_UNGUARDED_AVAILABILITY = YES_AGGRESSIVE;
				CLANG_WARN_UNREACHABLE_CODE = YES;
				CLANG_WARN__DUPLICATE_METHOD_MATCH = YES;
				COPY_PHASE_STRIP = NO;
				DEBUG_INFORMATION_FORMAT = dwarf;
				ENABLE_STRICT_OBJC_MSGSEND = YES;
				ENABLE_TESTABILITY = YES;
				ENABLE_USER_SCRIPT_SANDBOXING = YES;
				GCC_C_LANGUAGE_STANDARD = gnu17;
				GCC_DYNAMIC_NO_PIC = NO;
				GCC_NO_COMMON_BLOCKS = YES;
				GCC_OPTIMIZATION_LEVEL = 0;
				GCC_PREPROCESSOR_DEFINITIONS = (
					"DEBUG=1",
					"$(inherited)",
				);
				GCC_WARN_64_TO_32_BIT_CONVERSION = YES;
				GCC_WARN_ABOUT_RETURN_TYPE = YES_ERROR;
				GCC_WARN_UNDECLARED_SELECTOR = YES;
				GCC_WARN_UNINITIALIZED_AUTOS = YES_AGGRESSIVE;
				GCC_WARN_UNUSED_FUNCTION = YES;
				GCC_WARN_UNUSED_VARIABLE = YES;
				LOCALIZATION_PREFERS_STRING_CATALOGS = YES;
				MTL_ENABLE_DEBUG_INFO = INCLUDE_SOURCE;
				MTL_FAST_MATH = YES;
				ONLY_ACTIVE_ARCH = YES;
				SWIFT_ACTIVE_COMPILATION_CONDITIONS = "DEBUG $(inherited)";
				SWIFT_OPTIMIZATION_LEVEL = "-Onone";
			};
			name = Debug;
		};
		9B2AFD502C00996200E908F5 /* Release */ = {
			isa = XCBuildConfiguration;
			buildSettings = {
				ALWAYS_SEARCH_USER_PATHS = NO;
				ASSETCATALOG_COMPILER_GENERATE_SWIFT_ASSET_SYMBOL_EXTENSIONS = YES;
				CLANG_ANALYZER_NONNULL = YES;
				CLANG_ANALYZER_NUMBER_OBJECT_CONVERSION = YES_AGGRESSIVE;
				CLANG_CXX_LANGUAGE_STANDARD = "gnu++20";
				CLANG_ENABLE_MODULES = YES;
				CLANG_ENABLE_OBJC_ARC = YES;
				CLANG_ENABLE_OBJC_WEAK = YES;
				CLANG_WARN_BLOCK_CAPTURE_AUTORELEASING = YES;
				CLANG_WARN_BOOL_CONVERSION = YES;
				CLANG_WARN_COMMA = YES;
				CLANG_WARN_CONSTANT_CONVERSION = YES;
				CLANG_WARN_DEPRECATED_OBJC_IMPLEMENTATIONS = YES;
				CLANG_WARN_DIRECT_OBJC_ISA_USAGE = YES_ERROR;
				CLANG_WARN_DOCUMENTATION_COMMENTS = YES;
				CLANG_WARN_EMPTY_BODY = YES;
				CLANG_WARN_ENUM_CONVERSION = YES;
				CLANG_WARN_INFINITE_RECURSION = YES;
				CLANG_WARN_INT_CONVERSION = YES;
				CLANG_WARN_NON_LITERAL_NULL_CONVERSION = YES;
				CLANG_WARN_OBJC_IMPLICIT_RETAIN_SELF = YES;
				CLANG_WARN_OBJC_LITERAL_CONVERSION = YES;
				CLANG_WARN_OBJC_ROOT_CLASS = YES_ERROR;
				CLANG_WARN_QUOTED_INCLUDE_IN_FRAMEWORK_HEADER = YES;
				CLANG_WARN_RANGE_LOOP_ANALYSIS = YES;
				CLANG_WARN_STRICT_PROTOTYPES = YES;
				CLANG_WARN_SUSPICIOUS_MOVE = YES;
				CLANG_WARN_UNGUARDED_AVAILABILITY = YES_AGGRESSIVE;
				CLANG_WARN_UNREACHABLE_CODE = YES;
				CLANG_WARN__DUPLICATE_METHOD_MATCH = YES;
				COPY_PHASE_STRIP = NO;
				DEBUG_INFORMATION_FORMAT = "dwarf-with-dsym";
				ENABLE_NS_ASSERTIONS = NO;
				ENABLE_STRICT_OBJC_MSGSEND = YES;
				ENABLE_USER_SCRIPT_SANDBOXING = YES;
				GCC_C_LANGUAGE_STANDARD = gnu17;
				GCC_NO_COMMON_BLOCKS = YES;
				GCC_WARN_64_TO_32_BIT_CONVERSION = YES;
				GCC_WARN_ABOUT_RETURN_TYPE = YES_ERROR;
				GCC_WARN_UNDECLARED_SELECTOR = YES;
				GCC_WARN_UNINITIALIZED_AUTOS = YES_AGGRESSIVE;
				GCC_WARN_UNUSED_FUNCTION = YES;
				GCC_WARN_UNUSED_VARIABLE = YES;
				LOCALIZATION_PREFERS_STRING_CATALOGS = YES;
				MTL_ENABLE_DEBUG_INFO = NO;
				MTL_FAST_MATH = YES;
				SWIFT_COMPILATION_MODE = wholemodule;
			};
			name = Release;
		};
		9B2AFD522C00996200E908F5 /* Debug */ = {
			isa = XCBuildConfiguration;
			buildSettings = {
				ASSETCATALOG_COMPILER_APPICON_NAME = AppIcon;
				ASSETCATALOG_COMPILER_GLOBAL_ACCENT_COLOR_NAME = AccentColor;
				CODE_SIGN_ENTITLEMENTS = Restarted/Restarted.entitlements;
				CODE_SIGN_IDENTITY = "Apple Development";
				CODE_SIGN_STYLE = Automatic;
				CURRENT_PROJECT_VERSION = 1;
				DEVELOPMENT_ASSET_PATHS = "\"Restarted/Preview Content\"";
				DEVELOPMENT_TEAM = M68A594A7Q;
				ENABLE_HARDENED_RUNTIME = YES;
				ENABLE_PREVIEWS = YES;
				GENERATE_INFOPLIST_FILE = YES;
				INFOPLIST_FILE = Restarted/Info.plist;
				"INFOPLIST_KEY_UIApplicationSceneManifest_Generation[sdk=iphoneos*]" = YES;
				"INFOPLIST_KEY_UIApplicationSceneManifest_Generation[sdk=iphonesimulator*]" = YES;
				"INFOPLIST_KEY_UIApplicationSupportsIndirectInputEvents[sdk=iphoneos*]" = YES;
				"INFOPLIST_KEY_UIApplicationSupportsIndirectInputEvents[sdk=iphonesimulator*]" = YES;
				"INFOPLIST_KEY_UILaunchScreen_Generation[sdk=iphoneos*]" = YES;
				"INFOPLIST_KEY_UILaunchScreen_Generation[sdk=iphonesimulator*]" = YES;
				INFOPLIST_KEY_UILaunchStoryboardName = "Launch Screen.storyboard";
				"INFOPLIST_KEY_UIStatusBarStyle[sdk=iphoneos*]" = UIStatusBarStyleDefault;
				"INFOPLIST_KEY_UIStatusBarStyle[sdk=iphonesimulator*]" = UIStatusBarStyleDefault;
				INFOPLIST_KEY_UISupportedInterfaceOrientations = UIInterfaceOrientationPortrait;
				INFOPLIST_KEY_UISupportedInterfaceOrientations_iPad = "UIInterfaceOrientationLandscapeLeft UIInterfaceOrientationLandscapeRight UIInterfaceOrientationPortrait UIInterfaceOrientationPortraitUpsideDown";
				IPHONEOS_DEPLOYMENT_TARGET = 17.5;
				LD_RUNPATH_SEARCH_PATHS = "@executable_path/Frameworks";
				"LD_RUNPATH_SEARCH_PATHS[sdk=macosx*]" = "@executable_path/../Frameworks";
				MACOSX_DEPLOYMENT_TARGET = 14.4;
				MARKETING_VERSION = 1.0;
				PRODUCT_BUNDLE_IDENTIFIER = com.Restarted;
				PRODUCT_NAME = "$(TARGET_NAME)";
				PROVISIONING_PROFILE_SPECIFIER = "";
				SDKROOT = auto;
				SUPPORTED_PLATFORMS = "iphoneos iphonesimulator";
				SUPPORTS_MACCATALYST = NO;
				SWIFT_EMIT_LOC_STRINGS = YES;
				SWIFT_VERSION = 5.0;
				TARGETED_DEVICE_FAMILY = 1;
			};
			name = Debug;
		};
		9B2AFD532C00996200E908F5 /* Release */ = {
			isa = XCBuildConfiguration;
			buildSettings = {
				ASSETCATALOG_COMPILER_APPICON_NAME = AppIcon;
				ASSETCATALOG_COMPILER_GLOBAL_ACCENT_COLOR_NAME = AccentColor;
				CODE_SIGN_ENTITLEMENTS = Restarted/Restarted.entitlements;
				CODE_SIGN_IDENTITY = "Apple Development";
				CODE_SIGN_STYLE = Automatic;
				CURRENT_PROJECT_VERSION = 1;
				DEVELOPMENT_ASSET_PATHS = "\"Restarted/Preview Content\"";
				DEVELOPMENT_TEAM = M68A594A7Q;
				ENABLE_HARDENED_RUNTIME = YES;
				ENABLE_PREVIEWS = YES;
				GENERATE_INFOPLIST_FILE = YES;
				INFOPLIST_FILE = Restarted/Info.plist;
				"INFOPLIST_KEY_UIApplicationSceneManifest_Generation[sdk=iphoneos*]" = YES;
				"INFOPLIST_KEY_UIApplicationSceneManifest_Generation[sdk=iphonesimulator*]" = YES;
				"INFOPLIST_KEY_UIApplicationSupportsIndirectInputEvents[sdk=iphoneos*]" = YES;
				"INFOPLIST_KEY_UIApplicationSupportsIndirectInputEvents[sdk=iphonesimulator*]" = YES;
				"INFOPLIST_KEY_UILaunchScreen_Generation[sdk=iphoneos*]" = YES;
				"INFOPLIST_KEY_UILaunchScreen_Generation[sdk=iphonesimulator*]" = YES;
				INFOPLIST_KEY_UILaunchStoryboardName = "Launch Screen.storyboard";
				"INFOPLIST_KEY_UIStatusBarStyle[sdk=iphoneos*]" = UIStatusBarStyleDefault;
				"INFOPLIST_KEY_UIStatusBarStyle[sdk=iphonesimulator*]" = UIStatusBarStyleDefault;
				INFOPLIST_KEY_UISupportedInterfaceOrientations = UIInterfaceOrientationPortrait;
				INFOPLIST_KEY_UISupportedInterfaceOrientations_iPad = "UIInterfaceOrientationLandscapeLeft UIInterfaceOrientationLandscapeRight UIInterfaceOrientationPortrait UIInterfaceOrientationPortraitUpsideDown";
				IPHONEOS_DEPLOYMENT_TARGET = 17.5;
				LD_RUNPATH_SEARCH_PATHS = "@executable_path/Frameworks";
				"LD_RUNPATH_SEARCH_PATHS[sdk=macosx*]" = "@executable_path/../Frameworks";
				MACOSX_DEPLOYMENT_TARGET = 14.4;
				MARKETING_VERSION = 1.0;
				PRODUCT_BUNDLE_IDENTIFIER = com.Restarted;
				PRODUCT_NAME = "$(TARGET_NAME)";
				PROVISIONING_PROFILE_SPECIFIER = "";
				SDKROOT = auto;
				SUPPORTED_PLATFORMS = "iphoneos iphonesimulator";
				SUPPORTS_MACCATALYST = NO;
				SWIFT_EMIT_LOC_STRINGS = YES;
				SWIFT_VERSION = 5.0;
				TARGETED_DEVICE_FAMILY = 1;
			};
			name = Release;
		};
/* End XCBuildConfiguration section */

/* Begin XCConfigurationList section */
		9B2AFD3D2C00996100E908F5 /* Build configuration list for PBXProject "Restarted" */ = {
			isa = XCConfigurationList;
			buildConfigurations = (
				9B2AFD4F2C00996200E908F5 /* Debug */,
				9B2AFD502C00996200E908F5 /* Release */,
			);
			defaultConfigurationIsVisible = 0;
			defaultConfigurationName = Release;
		};
		9B2AFD512C00996200E908F5 /* Build configuration list for PBXNativeTarget "Restarted" */ = {
			isa = XCConfigurationList;
			buildConfigurations = (
				9B2AFD522C00996200E908F5 /* Debug */,
				9B2AFD532C00996200E908F5 /* Release */,
			);
			defaultConfigurationIsVisible = 0;
			defaultConfigurationName = Release;
		};
/* End XCConfigurationList section */

/* Begin XCRemoteSwiftPackageReference section */
		9B140DB62CB67EFF0067F30B /* XCRemoteSwiftPackageReference "swift-markdown-ui" */ = {
			isa = XCRemoteSwiftPackageReference;
			repositoryURL = "https://github.com/gonzalezreal/swift-markdown-ui";
			requirement = {
				kind = upToNextMinorVersion;
				minimumVersion = 2.4.0;
			};
		};
		9B6E6C342CDE424B002D3042 /* XCRemoteSwiftPackageReference "GoogleSignIn-iOS" */ = {
			isa = XCRemoteSwiftPackageReference;
			repositoryURL = "https://github.com/google/GoogleSignIn-iOS";
			requirement = {
				kind = upToNextMajorVersion;
				minimumVersion = 8.0.0;
			};
		};
		9BBA81B52CDCE052006EB807 /* XCRemoteSwiftPackageReference "firebase-ios-sdk" */ = {
			isa = XCRemoteSwiftPackageReference;
			repositoryURL = "https://github.com/firebase/firebase-ios-sdk";
			requirement = {
				kind = upToNextMajorVersion;
				minimumVersion = 11.4.0;
			};
		};
/* End XCRemoteSwiftPackageReference section */

/* Begin XCSwiftPackageProductDependency section */
		9B140DB72CB67EFF0067F30B /* MarkdownUI */ = {
			isa = XCSwiftPackageProductDependency;
			package = 9B140DB62CB67EFF0067F30B /* XCRemoteSwiftPackageReference "swift-markdown-ui" */;
			productName = MarkdownUI;
		};
		9B6E6C352CDE424B002D3042 /* GoogleSignIn */ = {
			isa = XCSwiftPackageProductDependency;
			package = 9B6E6C342CDE424B002D3042 /* XCRemoteSwiftPackageReference "GoogleSignIn-iOS" */;
			productName = GoogleSignIn;
		};
		9B6E6C372CDE424B002D3042 /* GoogleSignInSwift */ = {
			isa = XCSwiftPackageProductDependency;
			package = 9B6E6C342CDE424B002D3042 /* XCRemoteSwiftPackageReference "GoogleSignIn-iOS" */;
			productName = GoogleSignInSwift;
		};
		9BBA81B62CDCE052006EB807 /* FirebaseAnalytics */ = {
			isa = XCSwiftPackageProductDependency;
			package = 9BBA81B52CDCE052006EB807 /* XCRemoteSwiftPackageReference "firebase-ios-sdk" */;
			productName = FirebaseAnalytics;
		};
		9BBA81B82CDCE052006EB807 /* FirebaseAuth */ = {
			isa = XCSwiftPackageProductDependency;
			package = 9BBA81B52CDCE052006EB807 /* XCRemoteSwiftPackageReference "firebase-ios-sdk" */;
			productName = FirebaseAuth;
		};
		9BBA81BA2CDCE052006EB807 /* FirebaseAuthCombine-Community */ = {
			isa = XCSwiftPackageProductDependency;
			package = 9BBA81B52CDCE052006EB807 /* XCRemoteSwiftPackageReference "firebase-ios-sdk" */;
			productName = "FirebaseAuthCombine-Community";
		};
		9BBA81BC2CDCE052006EB807 /* FirebaseCore */ = {
			isa = XCSwiftPackageProductDependency;
			package = 9BBA81B52CDCE052006EB807 /* XCRemoteSwiftPackageReference "firebase-ios-sdk" */;
			productName = FirebaseCore;
		};
		9BFD3AB82CE2651B0000A460 /* FirebaseFirestore */ = {
			isa = XCSwiftPackageProductDependency;
			package = 9BBA81B52CDCE052006EB807 /* XCRemoteSwiftPackageReference "firebase-ios-sdk" */;
			productName = FirebaseFirestore;
		};
/* End XCSwiftPackageProductDependency section */

/* Begin XCVersionGroup section */
		9B7D099F2CEB6AFA001B2C4A /* HabitModel.xcdatamodeld */ = {
			isa = XCVersionGroup;
			children = (
				9B7D09A02CEB6AFA001B2C4A /* HabitModel.xcdatamodel */,
			);
			currentVersion = 9B7D09A02CEB6AFA001B2C4A /* HabitModel.xcdatamodel */;
			name = HabitModel.xcdatamodeld;
			path = /Users/metalwillhelpyou/.Trash/Restarted/Restarted/Model/HabitModel.xcdatamodeld;
			sourceTree = "<group>";
			versionGroupType = wrapper.xcdatamodel;
		};
		9BF77AF72CDA556200FDE543 /* GameModel.xcdatamodeld */ = {
			isa = XCVersionGroup;
			children = (
				9BF77AF82CDA556200FDE543 /* GameModel.xcdatamodel */,
			);
			currentVersion = 9BF77AF82CDA556200FDE543 /* GameModel.xcdatamodel */;
			name = GameModel.xcdatamodeld;
			path = /Users/metalwillhelpyou/.Trash/Restarted/Restarted/Model/GameModel.xcdatamodeld;
			sourceTree = "<group>";
			versionGroupType = wrapper.xcdatamodel;
		};
/* End XCVersionGroup section */
	};
	rootObject = 9B2AFD3A2C00996100E908F5 /* Project object */;
}
